
Microsoft Visual Studio Solution File, Format Version 12.00
# Visual Studio 2013
VisualStudioVersion = 12.0.31101.0
MinimumVisualStudioVersion = 10.0.40219.1
Project("{FAE04EC0-301F-11D3-BF4B-00C04F79EFBC}") = "Crypt", "Crypt\Crypt.csproj", "{56E515AD-C5D9-4A46-A430-BA57E4EAFAE8}"
EndProject
Project("{FAE04EC0-301F-11D3-BF4B-00C04F79EFBC}") = "Sniffer", "Sniffer\Sniffer.csproj", "{999BC3F0-8B7D-4C51-93DD-0D11E8E6E3C7}"
EndProject
Project("{8BC9CEB8-8B4A-11D0-8D11-00A0C91BC942}") = "OpcodeDLL", "OpcodeDLL\OpcodeDLL.vcxproj", "{E7E18D39-C539-4717-A2C7-1F21C12A0233}"
EndProject
Project("{FAE04EC0-301F-11D3-BF4B-00C04F79EFBC}") = "Teroniffer", "Teroniffer\Teroniffer.csproj", "{81AB56E6-FF08-4142-BA54-AEE2FF6267F6}"
EndProject
Project("{FAE04EC0-301F-11D3-BF4B-00C04F79EFBC}") = "TeraPluginsManager", "TeraPluginsManager\TeraPluginsManager.csproj", "{E939143F-6A41-4A56-8216-A3A3779B88C7}"
EndProject
Project("{FAE04EC0-301F-11D3-BF4B-00C04F79EFBC}") = "TeraApi", "TeraApi\TeraApi.csproj", "{E9209108-4E2C-43E1-B4FD-74407DF67EE3}"
EndProject
Project("{FAE04EC0-301F-11D3-BF4B-00C04F79EFBC}") = "TestPlugin", "TestPlugin\TestPlugin.csproj", "{4A2D783E-5C2A-4B26-A4E3-E6A19865E248}"
EndProject
Project("{FAE04EC0-301F-11D3-BF4B-00C04F79EFBC}") = "Terometr", "Terometr\Terometr.csproj", "{4143FD86-BE66-45A3-B797-2061C9292B61}"
EndProject
Global
	GlobalSection(SolutionConfigurationPlatforms) = preSolution
		Debug|Any CPU = Debug|Any CPU
		Debug|ARM = Debug|ARM
		Debug|Mixed Platforms = Debug|Mixed Platforms
		Debug|Win32 = Debug|Win32
		Debug|x64 = Debug|x64
		Release|Any CPU = Release|Any CPU
		Release|ARM = Release|ARM
		Release|Mixed Platforms = Release|Mixed Platforms
		Release|Win32 = Release|Win32
		Release|x64 = Release|x64
	EndGlobalSection
	GlobalSection(ProjectConfigurationPlatforms) = postSolution
		{56E515AD-C5D9-4A46-A430-BA57E4EAFAE8}.Debug|Any CPU.ActiveCfg = Debug|Any CPU
		{56E515AD-C5D9-4A46-A430-BA57E4EAFAE8}.Debug|Any CPU.Build.0 = Debug|Any CPU
		{56E515AD-C5D9-4A46-A430-BA57E4EAFAE8}.Debug|ARM.ActiveCfg = Debug|Any CPU
		{56E515AD-C5D9-4A46-A430-BA57E4EAFAE8}.Debug|Mixed Platforms.ActiveCfg = Debug|Any CPU
		{56E515AD-C5D9-4A46-A430-BA57E4EAFAE8}.Debug|Mixed Platforms.Build.0 = Debug|Any CPU
		{56E515AD-C5D9-4A46-A430-BA57E4EAFAE8}.Debug|Win32.ActiveCfg = Debug|Any CPU
		{56E515AD-C5D9-4A46-A430-BA57E4EAFAE8}.Debug|x64.ActiveCfg = Debug|Any CPU
		{56E515AD-C5D9-4A46-A430-BA57E4EAFAE8}.Release|Any CPU.ActiveCfg = Release|Any CPU
		{56E515AD-C5D9-4A46-A430-BA57E4EAFAE8}.Release|Any CPU.Build.0 = Release|Any CPU
		{56E515AD-C5D9-4A46-A430-BA57E4EAFAE8}.Release|ARM.ActiveCfg = Release|Any CPU
		{56E515AD-C5D9-4A46-A430-BA57E4EAFAE8}.Release|Mixed Platforms.ActiveCfg = Release|Any CPU
		{56E515AD-C5D9-4A46-A430-BA57E4EAFAE8}.Release|Mixed Platforms.Build.0 = Release|Any CPU
		{56E515AD-C5D9-4A46-A430-BA57E4EAFAE8}.Release|Win32.ActiveCfg = Release|Any CPU
		{56E515AD-C5D9-4A46-A430-BA57E4EAFAE8}.Release|x64.ActiveCfg = Release|Any CPU
		{999BC3F0-8B7D-4C51-93DD-0D11E8E6E3C7}.Debug|Any CPU.ActiveCfg = Debug|Any CPU
		{999BC3F0-8B7D-4C51-93DD-0D11E8E6E3C7}.Debug|Any CPU.Build.0 = Debug|Any CPU
		{999BC3F0-8B7D-4C51-93DD-0D11E8E6E3C7}.Debug|ARM.ActiveCfg = Debug|Any CPU
		{999BC3F0-8B7D-4C51-93DD-0D11E8E6E3C7}.Debug|Mixed Platforms.ActiveCfg = Debug|Any CPU
		{999BC3F0-8B7D-4C51-93DD-0D11E8E6E3C7}.Debug|Mixed Platforms.Build.0 = Debug|Any CPU
		{999BC3F0-8B7D-4C51-93DD-0D11E8E6E3C7}.Debug|Win32.ActiveCfg = Debug|Any CPU
		{999BC3F0-8B7D-4C51-93DD-0D11E8E6E3C7}.Debug|x64.ActiveCfg = Debug|Any CPU
		{999BC3F0-8B7D-4C51-93DD-0D11E8E6E3C7}.Release|Any CPU.ActiveCfg = Release|Any CPU
		{999BC3F0-8B7D-4C51-93DD-0D11E8E6E3C7}.Release|Any CPU.Build.0 = Release|Any CPU
		{999BC3F0-8B7D-4C51-93DD-0D11E8E6E3C7}.Release|ARM.ActiveCfg = Release|Any CPU
		{999BC3F0-8B7D-4C51-93DD-0D11E8E6E3C7}.Release|Mixed Platforms.ActiveCfg = Release|Any CPU
		{999BC3F0-8B7D-4C51-93DD-0D11E8E6E3C7}.Release|Mixed Platforms.Build.0 = Release|Any CPU
		{999BC3F0-8B7D-4C51-93DD-0D11E8E6E3C7}.Release|Win32.ActiveCfg = Release|Any CPU
		{999BC3F0-8B7D-4C51-93DD-0D11E8E6E3C7}.Release|x64.ActiveCfg = Release|Any CPU
		{E7E18D39-C539-4717-A2C7-1F21C12A0233}.Debug|Any CPU.ActiveCfg = Debug|Win32
		{E7E18D39-C539-4717-A2C7-1F21C12A0233}.Debug|ARM.ActiveCfg = Debug|Win32
		{E7E18D39-C539-4717-A2C7-1F21C12A0233}.Debug|Mixed Platforms.ActiveCfg = Release|Win32
		{E7E18D39-C539-4717-A2C7-1F21C12A0233}.Debug|Win32.ActiveCfg = Debug|Win32
		{E7E18D39-C539-4717-A2C7-1F21C12A0233}.Debug|Win32.Build.0 = Debug|Win32
		{E7E18D39-C539-4717-A2C7-1F21C12A0233}.Debug|x64.ActiveCfg = Debug|Win32
		{E7E18D39-C539-4717-A2C7-1F21C12A0233}.Release|Any CPU.ActiveCfg = Release|Win32
		{E7E18D39-C539-4717-A2C7-1F21C12A0233}.Release|ARM.ActiveCfg = Release|Win32
		{E7E18D39-C539-4717-A2C7-1F21C12A0233}.Release|Mixed Platforms.ActiveCfg = Release|Win32
		{E7E18D39-C539-4717-A2C7-1F21C12A0233}.Release|Mixed Platforms.Build.0 = Release|Win32
		{E7E18D39-C539-4717-A2C7-1F21C12A0233}.Release|Win32.ActiveCfg = Release|Win32
		{E7E18D39-C539-4717-A2C7-1F21C12A0233}.Release|Win32.Build.0 = Release|Win32
		{E7E18D39-C539-4717-A2C7-1F21C12A0233}.Release|x64.ActiveCfg = Release|Win32
		{81AB56E6-FF08-4142-BA54-AEE2FF6267F6}.Debug|Any CPU.ActiveCfg = Debug|Any CPU
		{81AB56E6-FF08-4142-BA54-AEE2FF6267F6}.Debug|Any CPU.Build.0 = Debug|Any CPU
		{81AB56E6-FF08-4142-BA54-AEE2FF6267F6}.Debug|ARM.ActiveCfg = Debug|Any CPU
		{81AB56E6-FF08-4142-BA54-AEE2FF6267F6}.Debug|Mixed Platforms.ActiveCfg = Debug|Any CPU
		{81AB56E6-FF08-4142-BA54-AEE2FF6267F6}.Debug|Mixed Platforms.Build.0 = Debug|Any CPU
		{81AB56E6-FF08-4142-BA54-AEE2FF6267F6}.Debug|Win32.ActiveCfg = Debug|Any CPU
		{81AB56E6-FF08-4142-BA54-AEE2FF6267F6}.Debug|x64.ActiveCfg = Debug|Any CPU
		{81AB56E6-FF08-4142-BA54-AEE2FF6267F6}.Release|Any CPU.ActiveCfg = Release|Any CPU
		{81AB56E6-FF08-4142-BA54-AEE2FF6267F6}.Release|Any CPU.Build.0 = Release|Any CPU
		{81AB56E6-FF08-4142-BA54-AEE2FF6267F6}.Release|ARM.ActiveCfg = Release|Any CPU
		{81AB56E6-FF08-4142-BA54-AEE2FF6267F6}.Release|Mixed Platforms.ActiveCfg = Release|Any CPU
		{81AB56E6-FF08-4142-BA54-AEE2FF6267F6}.Release|Mixed Platforms.Build.0 = Release|Any CPU
		{81AB56E6-FF08-4142-BA54-AEE2FF6267F6}.Release|Win32.ActiveCfg = Release|Any CPU
		{81AB56E6-FF08-4142-BA54-AEE2FF6267F6}.Release|x64.ActiveCfg = Release|Any CPU
		{E939143F-6A41-4A56-8216-A3A3779B88C7}.Debug|Any CPU.ActiveCfg = Debug|Any CPU
		{E939143F-6A41-4A56-8216-A3A3779B88C7}.Debug|Any CPU.Build.0 = Debug|Any CPU
		{E939143F-6A41-4A56-8216-A3A3779B88C7}.Debug|ARM.ActiveCfg = Debug|Any CPU
		{E939143F-6A41-4A56-8216-A3A3779B88C7}.Debug|Mixed Platforms.ActiveCfg = Debug|Any CPU
		{E939143F-6A41-4A56-8216-A3A3779B88C7}.Debug|Mixed Platforms.Build.0 = Debug|Any CPU
		{E939143F-6A41-4A56-8216-A3A3779B88C7}.Debug|Win32.ActiveCfg = Debug|Any CPU
		{E939143F-6A41-4A56-8216-A3A3779B88C7}.Debug|x64.ActiveCfg = Debug|Any CPU
		{E939143F-6A41-4A56-8216-A3A3779B88C7}.Release|Any CPU.ActiveCfg = Release|Any CPU
		{E939143F-6A41-4A56-8216-A3A3779B88C7}.Release|Any CPU.Build.0 = Release|Any CPU
		{E939143F-6A41-4A56-8216-A3A3779B88C7}.Release|ARM.ActiveCfg = Release|Any CPU
		{E939143F-6A41-4A56-8216-A3A3779B88C7}.Release|Mixed Platforms.ActiveCfg = Release|Any CPU
		{E939143F-6A41-4A56-8216-A3A3779B88C7}.Release|Mixed Platforms.Build.0 = Release|Any CPU
		{E939143F-6A41-4A56-8216-A3A3779B88C7}.Release|Win32.ActiveCfg = Release|Any CPU
		{E939143F-6A41-4A56-8216-A3A3779B88C7}.Release|x64.ActiveCfg = Release|Any CPU
		{E9209108-4E2C-43E1-B4FD-74407DF67EE3}.Debug|Any CPU.ActiveCfg = Debug|Any CPU
		{E9209108-4E2C-43E1-B4FD-74407DF67EE3}.Debug|Any CPU.Build.0 = Debug|Any CPU
		{E9209108-4E2C-43E1-B4FD-74407DF67EE3}.Debug|ARM.ActiveCfg = Debug|Any CPU
		{E9209108-4E2C-43E1-B4FD-74407DF67EE3}.Debug|Mixed Platforms.ActiveCfg = Debug|Any CPU
		{E9209108-4E2C-43E1-B4FD-74407DF67EE3}.Debug|Mixed Platforms.Build.0 = Debug|Any CPU
		{E9209108-4E2C-43E1-B4FD-74407DF67EE3}.Debug|Win32.ActiveCfg = Debug|Any CPU
		{E9209108-4E2C-43E1-B4FD-74407DF67EE3}.Debug|x64.ActiveCfg = Debug|Any CPU
		{E9209108-4E2C-43E1-B4FD-74407DF67EE3}.Release|Any CPU.ActiveCfg = Release|Any CPU
		{E9209108-4E2C-43E1-B4FD-74407DF67EE3}.Release|Any CPU.Build.0 = Release|Any CPU
		{E9209108-4E2C-43E1-B4FD-74407DF67EE3}.Release|ARM.ActiveCfg = Release|Any CPU
		{E9209108-4E2C-43E1-B4FD-74407DF67EE3}.Release|Mixed Platforms.ActiveCfg = Release|Any CPU
		{E9209108-4E2C-43E1-B4FD-74407DF67EE3}.Release|Mixed Platforms.Build.0 = Release|Any CPU
		{E9209108-4E2C-43E1-B4FD-74407DF67EE3}.Release|Win32.ActiveCfg = Release|Any CPU
		{E9209108-4E2C-43E1-B4FD-74407DF67EE3}.Release|x64.ActiveCfg = Release|Any CPU
		{4A2D783E-5C2A-4B26-A4E3-E6A19865E248}.Debug|Any CPU.ActiveCfg = Debug|Any CPU
		{4A2D783E-5C2A-4B26-A4E3-E6A19865E248}.Debug|Any CPU.Build.0 = Debug|Any CPU
		{4A2D783E-5C2A-4B26-A4E3-E6A19865E248}.Debug|ARM.ActiveCfg = Debug|Any CPU
		{4A2D783E-5C2A-4B26-A4E3-E6A19865E248}.Debug|Mixed Platforms.ActiveCfg = Debug|Any CPU
		{4A2D783E-5C2A-4B26-A4E3-E6A19865E248}.Debug|Mixed Platforms.Build.0 = Debug|Any CPU
		{4A2D783E-5C2A-4B26-A4E3-E6A19865E248}.Debug|Win32.ActiveCfg = Debug|Any CPU
		{4A2D783E-5C2A-4B26-A4E3-E6A19865E248}.Debug|x64.ActiveCfg = Debug|Any CPU
		{4A2D783E-5C2A-4B26-A4E3-E6A19865E248}.Release|Any CPU.ActiveCfg = Release|Any CPU
		{4A2D783E-5C2A-4B26-A4E3-E6A19865E248}.Release|Any CPU.Build.0 = Release|Any CPU
		{4A2D783E-5C2A-4B26-A4E3-E6A19865E248}.Release|ARM.ActiveCfg = Release|Any CPU
		{4A2D783E-5C2A-4B26-A4E3-E6A19865E248}.Release|Mixed Platforms.ActiveCfg = Release|Any CPU
		{4A2D783E-5C2A-4B26-A4E3-E6A19865E248}.Release|Mixed Platforms.Build.0 = Release|Any CPU
		{4A2D783E-5C2A-4B26-A4E3-E6A19865E248}.Release|Win32.ActiveCfg = Release|Any CPU
		{4A2D783E-5C2A-4B26-A4E3-E6A19865E248}.Release|x64.ActiveCfg = Release|Any CPU
		{4143FD86-BE66-45A3-B797-2061C9292B61}.Debug|Any CPU.ActiveCfg = Debug|Any CPU
		{4143FD86-BE66-45A3-B797-2061C9292B61}.Debug|Any CPU.Build.0 = Debug|Any CPU
		{4143FD86-BE66-45A3-B797-2061C9292B61}.Debug|ARM.ActiveCfg = Debug|Any CPU
		{4143FD86-BE66-45A3-B797-2061C9292B61}.Debug|Mixed Platforms.ActiveCfg = Debug|Any CPU
		{4143FD86-BE66-45A3-B797-2061C9292B61}.Debug|Mixed Platforms.Build.0 = Debug|Any CPU
		{4143FD86-BE66-45A3-B797-2061C9292B61}.Debug|Win32.ActiveCfg = Debug|Any CPU
		{4143FD86-BE66-45A3-B797-2061C9292B61}.Debug|x64.ActiveCfg = Debug|Any CPU
		{4143FD86-BE66-45A3-B797-2061C9292B61}.Release|Any CPU.ActiveCfg = Release|Any CPU
		{4143FD86-BE66-45A3-B797-2061C9292B61}.Release|Any CPU.Build.0 = Release|Any CPU
		{4143FD86-BE66-45A3-B797-2061C9292B61}.Release|ARM.ActiveCfg = Release|Any CPU
		{4143FD86-BE66-45A3-B797-2061C9292B61}.Release|Mixed Platforms.ActiveCfg = Release|Any CPU
		{4143FD86-BE66-45A3-B797-2061C9292B61}.Release|Mixed Platforms.Build.0 = Release|Any CPU
		{4143FD86-BE66-45A3-B797-2061C9292B61}.Release|Win32.ActiveCfg = Release|Any CPU
		{4143FD86-BE66-45A3-B797-2061C9292B61}.Release|x64.ActiveCfg = Release|Any CPU
	EndGlobalSection
	GlobalSection(SolutionProperties) = preSolution
		HideSolutionNode = FALSE
	EndGlobalSection
EndGlobal
