
Microsoft Visual Studio Solution File, Format Version 12.00
# Visual Studio 2013
VisualStudioVersion = 12.0.31101.0
MinimumVisualStudioVersion = 10.0.40219.1
Project("{FAE04EC0-301F-11D3-BF4B-00C04F79EFBC}") = "Crypt", "Crypt\Crypt.csproj", "{56E515AD-C5D9-4A46-A430-BA57E4EAFAE8}"
EndProject
Project("{FAE04EC0-301F-11D3-BF4B-00C04F79EFBC}") = "Sniffer", "Sniffer\Sniffer.csproj", "{999BC3F0-8B7D-4C51-93DD-0D11E8E6E3C7}"
EndProject
Project("{8BC9CEB8-8B4A-11D0-8D11-00A0C91BC942}") = "OpcodeDLL", "OpcodeDLL\OpcodeDLL.vcxproj", "{E7E18D39-C539-4717-A2C7-1F21C12A0233}"
EndProject
Project("{FAE04EC0-301F-11D3-BF4B-00C04F79EFBC}") = "SnifferGUI", "SnifferGUI\SnifferGUI.csproj", "{5531E5E2-46ED-4DC6-AB8F-F704561E11A0}"
EndProject
Project("{FAE04EC0-301F-11D3-BF4B-00C04F79EFBC}") = "Terometr", "Terometr\Terometr.csproj", "{E4D94429-5720-480B-AA03-ED443895B624}"
EndProject
Global
	GlobalSection(SolutionConfigurationPlatforms) = preSolution
		Debug|Any CPU = Debug|Any CPU
		Debug|ARM = Debug|ARM
		Debug|Mixed Platforms = Debug|Mixed Platforms
		Debug|Win32 = Debug|Win32
		Debug|x64 = Debug|x64
		Release|Any CPU = Release|Any CPU
		Release|ARM = Release|ARM
		Release|Mixed Platforms = Release|Mixed Platforms
		Release|Win32 = Release|Win32
		Release|x64 = Release|x64
	EndGlobalSection
	GlobalSection(ProjectConfigurationPlatforms) = postSolution
		{56E515AD-C5D9-4A46-A430-BA57E4EAFAE8}.Debug|Any CPU.ActiveCfg = Debug|Any CPU
		{56E515AD-C5D9-4A46-A430-BA57E4EAFAE8}.Debug|Any CPU.Build.0 = Debug|Any CPU
		{56E515AD-C5D9-4A46-A430-BA57E4EAFAE8}.Debug|ARM.ActiveCfg = Debug|Any CPU
		{56E515AD-C5D9-4A46-A430-BA57E4EAFAE8}.Debug|Mixed Platforms.ActiveCfg = Debug|Any CPU
		{56E515AD-C5D9-4A46-A430-BA57E4EAFAE8}.Debug|Mixed Platforms.Build.0 = Debug|Any CPU
		{56E515AD-C5D9-4A46-A430-BA57E4EAFAE8}.Debug|Win32.ActiveCfg = Debug|Any CPU
		{56E515AD-C5D9-4A46-A430-BA57E4EAFAE8}.Debug|x64.ActiveCfg = Debug|Any CPU
		{56E515AD-C5D9-4A46-A430-BA57E4EAFAE8}.Release|Any CPU.ActiveCfg = Release|Any CPU
		{56E515AD-C5D9-4A46-A430-BA57E4EAFAE8}.Release|Any CPU.Build.0 = Release|Any CPU
		{56E515AD-C5D9-4A46-A430-BA57E4EAFAE8}.Release|ARM.ActiveCfg = Release|Any CPU
		{56E515AD-C5D9-4A46-A430-BA57E4EAFAE8}.Release|Mixed Platforms.ActiveCfg = Release|Any CPU
		{56E515AD-C5D9-4A46-A430-BA57E4EAFAE8}.Release|Mixed Platforms.Build.0 = Release|Any CPU
		{56E515AD-C5D9-4A46-A430-BA57E4EAFAE8}.Release|Win32.ActiveCfg = Release|Any CPU
		{56E515AD-C5D9-4A46-A430-BA57E4EAFAE8}.Release|x64.ActiveCfg = Release|Any CPU
		{999BC3F0-8B7D-4C51-93DD-0D11E8E6E3C7}.Debug|Any CPU.ActiveCfg = Debug|Any CPU
		{999BC3F0-8B7D-4C51-93DD-0D11E8E6E3C7}.Debug|Any CPU.Build.0 = Debug|Any CPU
		{999BC3F0-8B7D-4C51-93DD-0D11E8E6E3C7}.Debug|ARM.ActiveCfg = Debug|Any CPU
		{999BC3F0-8B7D-4C51-93DD-0D11E8E6E3C7}.Debug|Mixed Platforms.ActiveCfg = Debug|Any CPU
		{999BC3F0-8B7D-4C51-93DD-0D11E8E6E3C7}.Debug|Mixed Platforms.Build.0 = Debug|Any CPU
		{999BC3F0-8B7D-4C51-93DD-0D11E8E6E3C7}.Debug|Win32.ActiveCfg = Debug|Any CPU
		{999BC3F0-8B7D-4C51-93DD-0D11E8E6E3C7}.Debug|x64.ActiveCfg = Debug|Any CPU
		{999BC3F0-8B7D-4C51-93DD-0D11E8E6E3C7}.Release|Any CPU.ActiveCfg = Release|Any CPU
		{999BC3F0-8B7D-4C51-93DD-0D11E8E6E3C7}.Release|Any CPU.Build.0 = Release|Any CPU
		{999BC3F0-8B7D-4C51-93DD-0D11E8E6E3C7}.Release|ARM.ActiveCfg = Release|Any CPU
		{999BC3F0-8B7D-4C51-93DD-0D11E8E6E3C7}.Release|Mixed Platforms.ActiveCfg = Release|Any CPU
		{999BC3F0-8B7D-4C51-93DD-0D11E8E6E3C7}.Release|Mixed Platforms.Build.0 = Release|Any CPU
		{999BC3F0-8B7D-4C51-93DD-0D11E8E6E3C7}.Release|Win32.ActiveCfg = Release|Any CPU
		{999BC3F0-8B7D-4C51-93DD-0D11E8E6E3C7}.Release|x64.ActiveCfg = Release|Any CPU
		{E7E18D39-C539-4717-A2C7-1F21C12A0233}.Debug|Any CPU.ActiveCfg = Debug|Win32
		{E7E18D39-C539-4717-A2C7-1F21C12A0233}.Debug|ARM.ActiveCfg = Debug|Win32
		{E7E18D39-C539-4717-A2C7-1F21C12A0233}.Debug|Mixed Platforms.ActiveCfg = Release|Win32
		{E7E18D39-C539-4717-A2C7-1F21C12A0233}.Debug|Win32.ActiveCfg = Debug|Win32
		{E7E18D39-C539-4717-A2C7-1F21C12A0233}.Debug|Win32.Build.0 = Debug|Win32
		{E7E18D39-C539-4717-A2C7-1F21C12A0233}.Debug|x64.ActiveCfg = Debug|Win32
		{E7E18D39-C539-4717-A2C7-1F21C12A0233}.Release|Any CPU.ActiveCfg = Release|Win32
		{E7E18D39-C539-4717-A2C7-1F21C12A0233}.Release|ARM.ActiveCfg = Release|Win32
		{E7E18D39-C539-4717-A2C7-1F21C12A0233}.Release|Mixed Platforms.ActiveCfg = Release|Win32
		{E7E18D39-C539-4717-A2C7-1F21C12A0233}.Release|Mixed Platforms.Build.0 = Release|Win32
		{E7E18D39-C539-4717-A2C7-1F21C12A0233}.Release|Win32.ActiveCfg = Release|Win32
		{E7E18D39-C539-4717-A2C7-1F21C12A0233}.Release|Win32.Build.0 = Release|Win32
		{E7E18D39-C539-4717-A2C7-1F21C12A0233}.Release|x64.ActiveCfg = Release|Win32
		{5531E5E2-46ED-4DC6-AB8F-F704561E11A0}.Debug|Any CPU.ActiveCfg = Debug|Any CPU
		{5531E5E2-46ED-4DC6-AB8F-F704561E11A0}.Debug|Any CPU.Build.0 = Debug|Any CPU
		{5531E5E2-46ED-4DC6-AB8F-F704561E11A0}.Debug|ARM.ActiveCfg = Debug|Any CPU
		{5531E5E2-46ED-4DC6-AB8F-F704561E11A0}.Debug|Mixed Platforms.ActiveCfg = Debug|Any CPU
		{5531E5E2-46ED-4DC6-AB8F-F704561E11A0}.Debug|Mixed Platforms.Build.0 = Debug|Any CPU
		{5531E5E2-46ED-4DC6-AB8F-F704561E11A0}.Debug|Win32.ActiveCfg = Debug|Any CPU
		{5531E5E2-46ED-4DC6-AB8F-F704561E11A0}.Debug|x64.ActiveCfg = Debug|Any CPU
		{5531E5E2-46ED-4DC6-AB8F-F704561E11A0}.Release|Any CPU.ActiveCfg = Release|Any CPU
		{5531E5E2-46ED-4DC6-AB8F-F704561E11A0}.Release|Any CPU.Build.0 = Release|Any CPU
		{5531E5E2-46ED-4DC6-AB8F-F704561E11A0}.Release|ARM.ActiveCfg = Release|Any CPU
		{5531E5E2-46ED-4DC6-AB8F-F704561E11A0}.Release|Mixed Platforms.ActiveCfg = Release|Any CPU
		{5531E5E2-46ED-4DC6-AB8F-F704561E11A0}.Release|Mixed Platforms.Build.0 = Release|Any CPU
		{5531E5E2-46ED-4DC6-AB8F-F704561E11A0}.Release|Win32.ActiveCfg = Release|Any CPU
		{5531E5E2-46ED-4DC6-AB8F-F704561E11A0}.Release|x64.ActiveCfg = Release|Any CPU
		{E4D94429-5720-480B-AA03-ED443895B624}.Debug|Any CPU.ActiveCfg = Debug|Any CPU
		{E4D94429-5720-480B-AA03-ED443895B624}.Debug|Any CPU.Build.0 = Debug|Any CPU
		{E4D94429-5720-480B-AA03-ED443895B624}.Debug|ARM.ActiveCfg = Debug|Any CPU
		{E4D94429-5720-480B-AA03-ED443895B624}.Debug|Mixed Platforms.ActiveCfg = Debug|Any CPU
		{E4D94429-5720-480B-AA03-ED443895B624}.Debug|Mixed Platforms.Build.0 = Debug|Any CPU
		{E4D94429-5720-480B-AA03-ED443895B624}.Debug|Win32.ActiveCfg = Debug|Any CPU
		{E4D94429-5720-480B-AA03-ED443895B624}.Debug|x64.ActiveCfg = Debug|Any CPU
		{E4D94429-5720-480B-AA03-ED443895B624}.Release|Any CPU.ActiveCfg = Release|Any CPU
		{E4D94429-5720-480B-AA03-ED443895B624}.Release|Any CPU.Build.0 = Release|Any CPU
		{E4D94429-5720-480B-AA03-ED443895B624}.Release|ARM.ActiveCfg = Release|Any CPU
		{E4D94429-5720-480B-AA03-ED443895B624}.Release|Mixed Platforms.ActiveCfg = Release|Any CPU
		{E4D94429-5720-480B-AA03-ED443895B624}.Release|Mixed Platforms.Build.0 = Release|Any CPU
		{E4D94429-5720-480B-AA03-ED443895B624}.Release|Win32.ActiveCfg = Release|Any CPU
		{E4D94429-5720-480B-AA03-ED443895B624}.Release|x64.ActiveCfg = Release|Any CPU
	EndGlobalSection
	GlobalSection(SolutionProperties) = preSolution
		HideSolutionNode = FALSE
	EndGlobalSection
EndGlobal
